[[package]]
name = "atomicwrites"
version = "1.4.0"
description = "Atomic file writes."
category = "dev"
optional = false
python-versions = ">=2.7, !=3.0.*, !=3.1.*, !=3.2.*, !=3.3.*"

[[package]]
name = "attrs"
version = "21.2.0"
description = "Classes Without Boilerplate"
category = "dev"
optional = false
python-versions = ">=2.7, !=3.0.*, !=3.1.*, !=3.2.*, !=3.3.*, !=3.4.*"

[package.extras]
dev = ["coverage[toml] (>=5.0.2)", "hypothesis", "pympler", "pytest (>=4.3.0)", "six", "mypy", "pytest-mypy-plugins", "zope.interface", "furo", "sphinx", "sphinx-notfound-page", "pre-commit"]
docs = ["furo", "sphinx", "zope.interface", "sphinx-notfound-page"]
tests = ["coverage[toml] (>=5.0.2)", "hypothesis", "pympler", "pytest (>=4.3.0)", "six", "mypy", "pytest-mypy-plugins", "zope.interface"]
tests_no_zope = ["coverage[toml] (>=5.0.2)", "hypothesis", "pympler", "pytest (>=4.3.0)", "six", "mypy", "pytest-mypy-plugins"]

[[package]]
name = "colorama"
version = "0.4.4"
description = "Cross-platform colored terminal text."
category = "dev"
optional = false
python-versions = ">=2.7, !=3.0.*, !=3.1.*, !=3.2.*, !=3.3.*, !=3.4.*"

[[package]]
name = "czifile"
version = "2019.7.2"
description = "Read Carl Zeiss(r) Image (CZI) files"
category = "main"
optional = false
python-versions = ">=2.7"

[package.dependencies]
imagecodecs = {version = ">=2019.5.22", markers = "platform_system == \"Windows\""}
numpy = ">=1.11.3"
tifffile = ">=2019.7.2"

[[package]]
name = "docopt"
version = "0.6.2"
description = "Pythonic argument parser, that will make you smile"
category = "dev"
optional = false
python-versions = "*"

[[package]]
name = "highdicom"
version = "0.9.2"
description = "High-level DICOM abstractions."
category = "main"
optional = false
python-versions = ">=3.6"

[package.dependencies]
numpy = ">=1.19"
pillow = ">=8.3"
pydicom = ">=2.2.1"

[[package]]
name = "imagecodecs"
version = "2021.8.26"
description = "Image transformation, compression, and decompression codecs"
category = "main"
optional = false
python-versions = ">=3.7"

[package.dependencies]
numpy = ">=1.15.1"

[package.extras]
all = ["matplotlib (>=3.2)", "tifffile (>=2021.1.11)", "numcodecs"]

[[package]]
name = "importlib-metadata"
version = "4.8.1"
description = "Read metadata from Python packages"
category = "dev"
optional = false
python-versions = ">=3.6"

[package.dependencies]
typing-extensions = {version = ">=3.6.4", markers = "python_version < \"3.8\""}
zipp = ">=0.5"

[package.extras]
docs = ["sphinx", "jaraco.packaging (>=8.2)", "rst.linker (>=1.9)"]
perf = ["ipython"]
testing = ["pytest (>=4.6)", "pytest-checkdocs (>=2.4)", "pytest-flake8", "pytest-cov", "pytest-enabler (>=1.0.1)", "packaging", "pep517", "pyfakefs", "flufl.flake8", "pytest-perf (>=0.9.2)", "pytest-black (>=0.3.7)", "pytest-mypy", "importlib-resources (>=1.3)"]

[[package]]
name = "more-itertools"
version = "8.10.0"
description = "More routines for operating on iterables, beyond itertools"
category = "dev"
optional = false
python-versions = ">=3.5"

[[package]]
name = "numpy"
version = "1.21.2"
description = "NumPy is the fundamental package for array computing with Python."
category = "main"
optional = false
python-versions = ">=3.7,<3.11"

[[package]]
name = "openslide-python"
version = "1.1.2"
description = "Python interface to OpenSlide"
category = "main"
optional = false
python-versions = ">=2.6, !=3.0.*, !=3.1.*, !=3.2.*"

[package.dependencies]
Pillow = "*"

[[package]]
name = "opentile"
version = "0.1.0"
description = ""
category = "main"
optional = false
python-versions = ">=3.7,<3.11"
develop = true

[package.dependencies]
imagecodecs = "^2021.8.26"
numpy = "^1.21.2"
Pillow = "^8.3.2"
PyTurboJPEG = "^1.6.1"
tifffile = "^2021.6.14"

[package.source]
type = "directory"
url = "../opentile"

[[package]]
name = "packaging"
version = "21.0"
description = "Core utilities for Python packages"
category = "dev"
optional = false
python-versions = ">=3.6"

[package.dependencies]
pyparsing = ">=2.0.2"

[[package]]
name = "pillow"
version = "8.3.2"
description = "Python Imaging Library (Fork)"
category = "main"
optional = false
python-versions = ">=3.6"

[[package]]
name = "pluggy"
version = "0.13.1"
description = "plugin and hook calling mechanisms for python"
category = "dev"
optional = false
python-versions = ">=2.7, !=3.0.*, !=3.1.*, !=3.2.*, !=3.3.*"

[package.dependencies]
importlib-metadata = {version = ">=0.12", markers = "python_version < \"3.8\""}

[package.extras]
dev = ["pre-commit", "tox"]

[[package]]
name = "py"
version = "1.10.0"
description = "library with cross-python path, ini-parsing, io, code, log facilities"
category = "dev"
optional = false
python-versions = ">=2.7, !=3.0.*, !=3.1.*, !=3.2.*, !=3.3.*"

[[package]]
name = "pydicom"
version = "2.2.2"
description = "Pure python package for DICOM medical file reading and writing"
category = "main"
optional = false
python-versions = ">=3.6.1"

[[package]]
name = "pyparsing"
version = "2.4.7"
description = "Python parsing module"
category = "dev"
optional = false
python-versions = ">=2.6, !=3.0.*, !=3.1.*, !=3.2.*"

[[package]]
name = "pytest"
version = "5.4.3"
description = "pytest: simple powerful testing with Python"
category = "dev"
optional = false
python-versions = ">=3.5"

[package.dependencies]
atomicwrites = {version = ">=1.0", markers = "sys_platform == \"win32\""}
attrs = ">=17.4.0"
colorama = {version = "*", markers = "sys_platform == \"win32\""}
importlib-metadata = {version = ">=0.12", markers = "python_version < \"3.8\""}
more-itertools = ">=4.0.0"
packaging = "*"
pluggy = ">=0.12,<1.0"
py = ">=1.5.0"
wcwidth = "*"

[package.extras]
checkqa-mypy = ["mypy (==v0.761)"]
testing = ["argcomplete", "hypothesis (>=3.56)", "mock", "nose", "requests", "xmlschema"]

[[package]]
name = "pytest-watch"
version = "4.2.0"
description = "Local continuous test runner with pytest and watchdog."
category = "dev"
optional = false
python-versions = "*"

[package.dependencies]
colorama = ">=0.3.3"
docopt = ">=0.4.0"
pytest = ">=2.6.4"
watchdog = ">=0.6.0"

[[package]]
name = "pyturbojpeg"
version = "1.6.1"
description = "A Python wrapper of libjpeg-turbo for decoding and encoding JPEG image."
category = "main"
optional = false
python-versions = "*"

[package.dependencies]
numpy = "*"

[[package]]
name = "tifffile"
version = "2021.8.30"
description = "Read and write TIFF files"
category = "main"
optional = false
python-versions = ">=3.7"

[package.dependencies]
numpy = ">=1.15.1"

[package.extras]
all = ["imagecodecs (>=2021.7.30)", "matplotlib (>=3.2)", "lxml"]

[[package]]
name = "typing-extensions"
version = "3.10.0.2"
description = "Backported and Experimental Type Hints for Python 3.5+"
category = "dev"
optional = false
python-versions = "*"

[[package]]
name = "watchdog"
version = "2.1.6"
description = "Filesystem events monitoring"
category = "dev"
optional = false
python-versions = ">=3.6"

[package.extras]
watchmedo = ["PyYAML (>=3.10)"]

[[package]]
name = "wcwidth"
version = "0.2.5"
description = "Measures the displayed width of unicode strings in a terminal"
category = "dev"
optional = false
python-versions = "*"

[[package]]
name = "wsidicom"
version = "0.1.0"
description = "Tools for handling DICOM based whole scan images"
category = "main"
optional = false
python-versions = "^3.7"
develop = true

[package.dependencies]
numpy = "^1.15.0"
Pillow = "^8.0.0"
pydicom = "^2.1.0"

[package.source]
type = "directory"
url = "../wsidicom"

[[package]]
name = "zipp"
version = "3.6.0"
description = "Backport of pathlib-compatible object wrapper for zip files"
category = "dev"
optional = false
python-versions = ">=3.6"

[package.extras]
docs = ["sphinx", "jaraco.packaging (>=8.2)", "rst.linker (>=1.9)"]
testing = ["pytest (>=4.6)", "pytest-checkdocs (>=2.4)", "pytest-flake8", "pytest-cov", "pytest-enabler (>=1.0.1)", "jaraco.itertools", "func-timeout", "pytest-black (>=0.3.7)", "pytest-mypy"]

[metadata]
lock-version = "1.1"
python-versions = ">=3.7,<3.11"
content-hash = "d19f77f45cccb398d0d1c15479805102d7c43f022159f174a5dc335cb9d107df"

[metadata.files]
atomicwrites = [
    {file = "atomicwrites-1.4.0-py2.py3-none-any.whl", hash = "sha256:6d1784dea7c0c8d4a5172b6c620f40b6e4cbfdf96d783691f2e1302a7b88e197"},
    {file = "atomicwrites-1.4.0.tar.gz", hash = "sha256:ae70396ad1a434f9c7046fd2dd196fc04b12f9e91ffb859164193be8b6168a7a"},
]
attrs = [
    {file = "attrs-21.2.0-py2.py3-none-any.whl", hash = "sha256:149e90d6d8ac20db7a955ad60cf0e6881a3f20d37096140088356da6c716b0b1"},
    {file = "attrs-21.2.0.tar.gz", hash = "sha256:ef6aaac3ca6cd92904cdd0d83f629a15f18053ec84e6432106f7a4d04ae4f5fb"},
]
colorama = [
    {file = "colorama-0.4.4-py2.py3-none-any.whl", hash = "sha256:9f47eda37229f68eee03b24b9748937c7dc3868f906e8ba69fbcbdd3bc5dc3e2"},
    {file = "colorama-0.4.4.tar.gz", hash = "sha256:5941b2b48a20143d2267e95b1c2a7603ce057ee39fd88e7329b0c292aa16869b"},
]
czifile = [
    {file = "czifile-2019.7.2-py2.py3-none-any.whl", hash = "sha256:561ba0312e5b9c95db784768d7c81803f62bc323eab42bd5812586ce6dc58db8"},
    {file = "czifile-2019.7.2.tar.gz", hash = "sha256:04c0e6bed3b24d1bf42bc2cf899a5a08986641379305ce88600fd1c710486436"},
]
docopt = [
    {file = "docopt-0.6.2.tar.gz", hash = "sha256:49b3a825280bd66b3aa83585ef59c4a8c82f2c8a522dbe754a8bc8d08c85c491"},
]
highdicom = [
    {file = "highdicom-0.9.2-py3-none-any.whl", hash = "sha256:2a7ce69d40cf58c66b20a4551f94a5fd656f22bf58beb9fed0661a227250214a"},
    {file = "highdicom-0.9.2.tar.gz", hash = "sha256:abbf5ddfd65189cfb1c85f7b40d0d666d5f77f171fad7ecbcd8ffc485280e0f2"},
]
imagecodecs = [
    {file = "imagecodecs-2021.8.26-cp310-cp310-win32.whl", hash = "sha256:b884633e5b987e02db12c51ae39c50fcc53856e5eff59fa88d2240063084301a"},
    {file = "imagecodecs-2021.8.26-cp310-cp310-win_amd64.whl", hash = "sha256:567c480e437fd8f4e737d81abdf407f49a976a681a4493bc025f4e6578e3a882"},
    {file = "imagecodecs-2021.8.26-cp37-cp37m-macosx_10_9_x86_64.whl", hash = "sha256:96f6a084e48274d94fb69a51d3cf19db6329d8ed5c2005695613a876145ec28b"},
    {file = "imagecodecs-2021.8.26-cp37-cp37m-manylinux_2_17_i686.manylinux2014_i686.whl", hash = "sha256:eef3b30bc4e492dacc6a2fa5dd0231807f3e33b88a0101d608071160c1bbda00"},
    {file = "imagecodecs-2021.8.26-cp37-cp37m-manylinux_2_17_x86_64.manylinux2014_x86_64.whl", hash = "sha256:239a0692fbd99b6e3773a8a49df44ddc0651956d5b27dc6086b1dc2e6e3e0c83"},
    {file = "imagecodecs-2021.8.26-cp37-cp37m-win32.whl", hash = "sha256:b5d189951198600f2c8d7a55e0517371e72c88d6741285bae14723f01f111034"},
    {file = "imagecodecs-2021.8.26-cp37-cp37m-win_amd64.whl", hash = "sha256:6a1ab00f6f6f449b8adf5da563bdf3dcf57ab4face60ae625c64bec4648def42"},
    {file = "imagecodecs-2021.8.26-cp38-cp38-macosx_10_9_x86_64.whl", hash = "sha256:4a4d8a0ac013eba08e6eae1964eeb82120ddd144c056a99e000769e6e1775ff1"},
    {file = "imagecodecs-2021.8.26-cp38-cp38-manylinux_2_17_i686.manylinux2014_i686.whl", hash = "sha256:76f6987aef1cc5db7ea06db8a365c10759cddb8415193c46552ea00bf2ba425c"},
    {file = "imagecodecs-2021.8.26-cp38-cp38-manylinux_2_17_x86_64.manylinux2014_x86_64.whl", hash = "sha256:5d130468ae09bb75adc98b21608ff72b9a7b6edcfc112ccbf1f77acd611d978a"},
    {file = "imagecodecs-2021.8.26-cp38-cp38-win32.whl", hash = "sha256:886096711a6a5aa416dbd252dd7e0eafe5dc1696ec664b0c52e546a2ed6059eb"},
    {file = "imagecodecs-2021.8.26-cp38-cp38-win_amd64.whl", hash = "sha256:97735e890959671aa82d2882308d06675857297c64897c7147e5e58776a33a8c"},
    {file = "imagecodecs-2021.8.26-cp39-cp39-macosx_10_9_x86_64.whl", hash = "sha256:286cf79eb7bf186f8d92da029576f7650fc22806ec3c8008bfd15222dfe55fcc"},
    {file = "imagecodecs-2021.8.26-cp39-cp39-manylinux_2_17_i686.manylinux2014_i686.whl", hash = "sha256:1a4f49f41e2010e645287280d0ff93708edb538fee17bd929c12da51ab460b4a"},
    {file = "imagecodecs-2021.8.26-cp39-cp39-manylinux_2_17_x86_64.manylinux2014_x86_64.whl", hash = "sha256:18184ef1f61f465c1f31d963a475f4a45e4c407d8c4552184d440a8d1596ef38"},
    {file = "imagecodecs-2021.8.26-cp39-cp39-win32.whl", hash = "sha256:778832770ac0382e620c57590b02b4e7af73b12fafb7ecc55d1229dbacf8b310"},
    {file = "imagecodecs-2021.8.26-cp39-cp39-win_amd64.whl", hash = "sha256:834faca44edc762b24c3bd02533866e1f1cd07abf7ddcbe8f46035d84c8ce843"},
    {file = "imagecodecs-2021.8.26-pp37-pypy37_pp73-macosx_10_9_x86_64.whl", hash = "sha256:35b2a2d19f200519cc44e927ecd3a51bc504374d971d4769f6c4fc3f17b43056"},
    {file = "imagecodecs-2021.8.26-pp37-pypy37_pp73-win_amd64.whl", hash = "sha256:4be27359bd75749f9d4d8aa70cb4c3555fb82334d7ae636605878be28b8f5a7c"},
    {file = "imagecodecs-2021.8.26.tar.gz", hash = "sha256:e87994d918ea951a589ec46648c24d9c7e56b7b5c2466d93f3b07883f0ecea19"},
]
importlib-metadata = [
    {file = "importlib_metadata-4.8.1-py3-none-any.whl", hash = "sha256:b618b6d2d5ffa2f16add5697cf57a46c76a56229b0ed1c438322e4e95645bd15"},
    {file = "importlib_metadata-4.8.1.tar.gz", hash = "sha256:f284b3e11256ad1e5d03ab86bb2ccd6f5339688ff17a4d797a0fe7df326f23b1"},
]
more-itertools = [
    {file = "more-itertools-8.10.0.tar.gz", hash = "sha256:1debcabeb1df793814859d64a81ad7cb10504c24349368ccf214c664c474f41f"},
    {file = "more_itertools-8.10.0-py3-none-any.whl", hash = "sha256:56ddac45541718ba332db05f464bebfb0768110111affd27f66e0051f276fa43"},
]
numpy = [
    {file = "numpy-1.21.2-cp310-cp310-manylinux_2_17_aarch64.manylinux2014_aarch64.whl", hash = "sha256:52a664323273c08f3b473548bf87c8145b7513afd63e4ebba8496ecd3853df13"},
    {file = "numpy-1.21.2-cp310-cp310-manylinux_2_17_x86_64.manylinux2014_x86_64.whl", hash = "sha256:51a7b9db0a2941434cd930dacaafe0fc9da8f3d6157f9d12f761bbde93f46218"},
    {file = "numpy-1.21.2-cp37-cp37m-macosx_10_9_x86_64.whl", hash = "sha256:9f2dc79c093f6c5113718d3d90c283f11463d77daa4e83aeeac088ec6a0bda52"},
    {file = "numpy-1.21.2-cp37-cp37m-manylinux_2_12_i686.manylinux2010_i686.whl", hash = "sha256:a55e4d81c4260386f71d22294795c87609164e22b28ba0d435850fbdf82fc0c5"},
    {file = "numpy-1.21.2-cp37-cp37m-manylinux_2_12_x86_64.manylinux2010_x86_64.whl", hash = "sha256:426a00b68b0d21f2deb2ace3c6d677e611ad5a612d2c76494e24a562a930c254"},
    {file = "numpy-1.21.2-cp37-cp37m-manylinux_2_17_aarch64.manylinux2014_aarch64.whl", hash = "sha256:298156f4d3d46815eaf0fcf0a03f9625fc7631692bd1ad851517ab93c3168fc6"},
    {file = "numpy-1.21.2-cp37-cp37m-manylinux_2_5_i686.manylinux1_i686.whl", hash = "sha256:09858463db6dd9f78b2a1a05c93f3b33d4f65975771e90d2cf7aadb7c2f66edf"},
    {file = "numpy-1.21.2-cp37-cp37m-manylinux_2_5_x86_64.manylinux1_x86_64.whl", hash = "sha256:805459ad8baaf815883d0d6f86e45b3b0b67d823a8f3fa39b1ed9c45eaf5edf1"},
    {file = "numpy-1.21.2-cp37-cp37m-win32.whl", hash = "sha256:f545c082eeb09ae678dd451a1b1dbf17babd8a0d7adea02897a76e639afca310"},
    {file = "numpy-1.21.2-cp37-cp37m-win_amd64.whl", hash = "sha256:b160b9a99ecc6559d9e6d461b95c8eec21461b332f80267ad2c10394b9503496"},
    {file = "numpy-1.21.2-cp38-cp38-macosx_10_9_universal2.whl", hash = "sha256:a5109345f5ce7ddb3840f5970de71c34a0ff7fceb133c9441283bb8250f532a3"},
    {file = "numpy-1.21.2-cp38-cp38-macosx_10_9_x86_64.whl", hash = "sha256:209666ce9d4a817e8a4597cd475b71b4878a85fa4b8db41d79fdb4fdee01dde2"},
    {file = "numpy-1.21.2-cp38-cp38-macosx_11_0_arm64.whl", hash = "sha256:c01b59b33c7c3ba90744f2c695be571a3bd40ab2ba7f3d169ffa6db3cfba614f"},
    {file = "numpy-1.21.2-cp38-cp38-manylinux_2_12_i686.manylinux2010_i686.whl", hash = "sha256:e42029e184008a5fd3d819323345e25e2337b0ac7f5c135b7623308530209d57"},
    {file = "numpy-1.21.2-cp38-cp38-manylinux_2_12_x86_64.manylinux2010_x86_64.whl", hash = "sha256:7fdc7689daf3b845934d67cb221ba8d250fdca20ac0334fea32f7091b93f00d3"},
    {file = "numpy-1.21.2-cp38-cp38-manylinux_2_17_aarch64.manylinux2014_aarch64.whl", hash = "sha256:550564024dc5ceee9421a86fc0fb378aa9d222d4d0f858f6669eff7410c89bef"},
    {file = "numpy-1.21.2-cp38-cp38-manylinux_2_5_i686.manylinux1_i686.whl", hash = "sha256:bf75d5825ef47aa51d669b03ce635ecb84d69311e05eccea083f31c7570c9931"},
    {file = "numpy-1.21.2-cp38-cp38-manylinux_2_5_x86_64.manylinux1_x86_64.whl", hash = "sha256:a9da45b748caad72ea4a4ed57e9cd382089f33c5ec330a804eb420a496fa760f"},
    {file = "numpy-1.21.2-cp38-cp38-win32.whl", hash = "sha256:e167b9805de54367dcb2043519382be541117503ce99e3291cc9b41ca0a83557"},
    {file = "numpy-1.21.2-cp38-cp38-win_amd64.whl", hash = "sha256:466e682264b14982012887e90346d33435c984b7fead7b85e634903795c8fdb0"},
    {file = "numpy-1.21.2-cp39-cp39-macosx_10_9_universal2.whl", hash = "sha256:dd0e3651d210068d13e18503d75aaa45656eef51ef0b261f891788589db2cc38"},
    {file = "numpy-1.21.2-cp39-cp39-macosx_10_9_x86_64.whl", hash = "sha256:92a0ab128b07799dd5b9077a9af075a63467d03ebac6f8a93e6440abfea4120d"},
    {file = "numpy-1.21.2-cp39-cp39-macosx_11_0_arm64.whl", hash = "sha256:fde50062d67d805bc96f1a9ecc0d37bfc2a8f02b937d2c50824d186aa91f2419"},
    {file = "numpy-1.21.2-cp39-cp39-manylinux_2_12_i686.manylinux2010_i686.whl", hash = "sha256:640c1ccfd56724f2955c237b6ccce2e5b8607c3bc1cc51d3933b8c48d1da3723"},
    {file = "numpy-1.21.2-cp39-cp39-manylinux_2_12_x86_64.manylinux2010_x86_64.whl", hash = "sha256:5de64950137f3a50b76ce93556db392e8f1f954c2d8207f78a92d1f79aa9f737"},
    {file = "numpy-1.21.2-cp39-cp39-manylinux_2_17_aarch64.manylinux2014_aarch64.whl", hash = "sha256:b342064e647d099ca765f19672696ad50c953cac95b566af1492fd142283580f"},
    {file = "numpy-1.21.2-cp39-cp39-win32.whl", hash = "sha256:30fc68307c0155d2a75ad19844224be0f2c6f06572d958db4e2053f816b859ad"},
    {file = "numpy-1.21.2-cp39-cp39-win_amd64.whl", hash = "sha256:b5e8590b9245803c849e09bae070a8e1ff444f45e3f0bed558dd722119eea724"},
    {file = "numpy-1.21.2-pp37-pypy37_pp73-manylinux_2_12_x86_64.manylinux2010_x86_64.whl", hash = "sha256:d96a6a7d74af56feb11e9a443150216578ea07b7450f7c05df40eec90af7f4a7"},
    {file = "numpy-1.21.2.zip", hash = "sha256:423216d8afc5923b15df86037c6053bf030d15cc9e3224206ef868c2d63dd6dc"},
]
openslide-python = [
    {file = "openslide-python-1.1.2.tar.gz", hash = "sha256:00f5e34dca56500b598454107a0acf243788ea2072b5468b3fea59f756b832a8"},
    {file = "openslide_python-1.1.2-cp27-cp27m-win32.whl", hash = "sha256:6a614ba40bd6eb1588adf86c90f59d4e4243e14903572015656135313956d557"},
    {file = "openslide_python-1.1.2-cp27-cp27m-win_amd64.whl", hash = "sha256:af671a07c60746180c2b6809d13b0d38f5418824f9c06cd26372aa394816c87f"},
    {file = "openslide_python-1.1.2-cp33-cp33m-win32.whl", hash = "sha256:4d4e618eca48a2b3baa748fbb37c820e8ca326de368a13f4537dc923cd7c9983"},
    {file = "openslide_python-1.1.2-cp33-cp33m-win_amd64.whl", hash = "sha256:b5b6e35f2264b20b0cb2ec73506bfad3f7eaa811d8e4f03bb8824b3954f88a38"},
    {file = "openslide_python-1.1.2-cp34-cp34m-win32.whl", hash = "sha256:9eb95e1f217c0deeaf20540048461e68f549462a67ebb017ed822d8f39f14a52"},
    {file = "openslide_python-1.1.2-cp34-cp34m-win_amd64.whl", hash = "sha256:04f6a185335861c8d372c1c31ae57455c554321f0923d9bb30b02265d52a2675"},
    {file = "openslide_python-1.1.2-cp35-cp35m-win32.whl", hash = "sha256:303cbcd204f3445bad86f4d967c131c2dcb30d86d6224cc0e0e5c89a44ca31ee"},
    {file = "openslide_python-1.1.2-cp35-cp35m-win_amd64.whl", hash = "sha256:eb7dfaa1cd2d45712944bd295c758523ca52917ae2f76d129209e5e73adf3287"},
    {file = "openslide_python-1.1.2-cp36-cp36m-win32.whl", hash = "sha256:8d11c2629151bafab0737dfa6b96b6c86c674852bb48c2ec4a29f093e1895520"},
    {file = "openslide_python-1.1.2-cp36-cp36m-win_amd64.whl", hash = "sha256:293837890e35ae6f0c3780a69c4d17fa3bc4fbc0ed6779c4e2cc532e8b4b1d47"},
    {file = "openslide_python-1.1.2-cp37-cp37m-win32.whl", hash = "sha256:a0f57f2ac78f7fbbfd04309f1bf9d61e116471bacb7bb9b637316e811f7b0068"},
    {file = "openslide_python-1.1.2-cp37-cp37m-win_amd64.whl", hash = "sha256:268699fd111d274c57c88f42ee29861e126439b73360de9235a6adb5e58f5e80"},
    {file = "openslide_python-1.1.2-cp38-cp38-win32.whl", hash = "sha256:581067fa547e2e4bf1f81267f190d98311203fe6c84916a69f800a3974152b4f"},
    {file = "openslide_python-1.1.2-cp38-cp38-win_amd64.whl", hash = "sha256:5dcd98f781bc7a75009a06c09d1c9508fc90259db48ac7bcb1a446a9f57ef731"},
    {file = "openslide_python-1.1.2-cp39-cp39-win32.whl", hash = "sha256:c16d53451f877ff65de73f40e27ca44d7d8e9fb1e5f739d54143e5243e7ebc75"},
    {file = "openslide_python-1.1.2-cp39-cp39-win_amd64.whl", hash = "sha256:4bf148454b30ced98664c3c3c664190b6b5b373a15eeff0e8043fe1fb41cde54"},
]
opentile = []
packaging = [
    {file = "packaging-21.0-py3-none-any.whl", hash = "sha256:c86254f9220d55e31cc94d69bade760f0847da8000def4dfe1c6b872fd14ff14"},
    {file = "packaging-21.0.tar.gz", hash = "sha256:7dc96269f53a4ccec5c0670940a4281106dd0bb343f47b7471f779df49c2fbe7"},
]
pillow = [
    {file = "Pillow-8.3.2-cp310-cp310-macosx_10_10_universal2.whl", hash = "sha256:c691b26283c3a31594683217d746f1dad59a7ae1d4cfc24626d7a064a11197d4"},
    {file = "Pillow-8.3.2-cp310-cp310-macosx_11_0_arm64.whl", hash = "sha256:f514c2717012859ccb349c97862568fdc0479aad85b0270d6b5a6509dbc142e2"},
    {file = "Pillow-8.3.2-cp310-cp310-manylinux_2_17_aarch64.manylinux2014_aarch64.whl", hash = "sha256:be25cb93442c6d2f8702c599b51184bd3ccd83adebd08886b682173e09ef0c3f"},
    {file = "Pillow-8.3.2-cp310-cp310-manylinux_2_17_i686.manylinux2014_i686.whl", hash = "sha256:d675a876b295afa114ca8bf42d7f86b5fb1298e1b6bb9a24405a3f6c8338811c"},
    {file = "Pillow-8.3.2-cp310-cp310-manylinux_2_17_x86_64.manylinux2014_x86_64.whl", hash = "sha256:59697568a0455764a094585b2551fd76bfd6b959c9f92d4bdec9d0e14616303a"},
    {file = "Pillow-8.3.2-cp310-cp310-win32.whl", hash = "sha256:2d5e9dc0bf1b5d9048a94c48d0813b6c96fccfa4ccf276d9c36308840f40c228"},
    {file = "Pillow-8.3.2-cp310-cp310-win_amd64.whl", hash = "sha256:11c27e74bab423eb3c9232d97553111cc0be81b74b47165f07ebfdd29d825875"},
    {file = "Pillow-8.3.2-cp36-cp36m-macosx_10_10_x86_64.whl", hash = "sha256:11eb7f98165d56042545c9e6db3ce394ed8b45089a67124298f0473b29cb60b2"},
    {file = "Pillow-8.3.2-cp36-cp36m-manylinux_2_17_aarch64.manylinux2014_aarch64.whl", hash = "sha256:2f23b2d3079522fdf3c09de6517f625f7a964f916c956527bed805ac043799b8"},
    {file = "Pillow-8.3.2-cp36-cp36m-manylinux_2_17_i686.manylinux2014_i686.whl", hash = "sha256:19ec4cfe4b961edc249b0e04b5618666c23a83bc35842dea2bfd5dfa0157f81b"},
    {file = "Pillow-8.3.2-cp36-cp36m-manylinux_2_17_x86_64.manylinux2014_x86_64.whl", hash = "sha256:e5a31c07cea5edbaeb4bdba6f2b87db7d3dc0f446f379d907e51cc70ea375629"},
    {file = "Pillow-8.3.2-cp36-cp36m-win32.whl", hash = "sha256:4abc247b31a98f29e5224f2d31ef15f86a71f79c7f4d2ac345a5d551d6393073"},
    {file = "Pillow-8.3.2-cp36-cp36m-win_amd64.whl", hash = "sha256:a048dad5ed6ad1fad338c02c609b862dfaa921fcd065d747194a6805f91f2196"},
    {file = "Pillow-8.3.2-cp37-cp37m-macosx_10_10_x86_64.whl", hash = "sha256:06d1adaa284696785375fa80a6a8eb309be722cf4ef8949518beb34487a3df71"},
    {file = "Pillow-8.3.2-cp37-cp37m-manylinux_2_17_i686.manylinux2014_i686.whl", hash = "sha256:27a330bf7014ee034046db43ccbb05c766aa9e70b8d6c5260bfc38d73103b0ba"},
    {file = "Pillow-8.3.2-cp37-cp37m-manylinux_2_17_x86_64.manylinux2014_x86_64.whl", hash = "sha256:13654b521fb98abdecec105ea3fb5ba863d1548c9b58831dd5105bb3873569f1"},
    {file = "Pillow-8.3.2-cp37-cp37m-win32.whl", hash = "sha256:085a90a99404b859a4b6c3daa42afde17cb3ad3115e44a75f0d7b4a32f06a6c9"},
    {file = "Pillow-8.3.2-cp37-cp37m-win_amd64.whl", hash = "sha256:18a07a683805d32826c09acfce44a90bf474e6a66ce482b1c7fcd3757d588df3"},
    {file = "Pillow-8.3.2-cp38-cp38-macosx_10_10_x86_64.whl", hash = "sha256:4e59e99fd680e2b8b11bbd463f3c9450ab799305d5f2bafb74fefba6ac058616"},
    {file = "Pillow-8.3.2-cp38-cp38-macosx_11_0_arm64.whl", hash = "sha256:4d89a2e9219a526401015153c0e9dd48319ea6ab9fe3b066a20aa9aee23d9fd3"},
    {file = "Pillow-8.3.2-cp38-cp38-manylinux_2_17_aarch64.manylinux2014_aarch64.whl", hash = "sha256:56fd98c8294f57636084f4b076b75f86c57b2a63a8410c0cd172bc93695ee979"},
    {file = "Pillow-8.3.2-cp38-cp38-manylinux_2_17_i686.manylinux2014_i686.whl", hash = "sha256:2b11c9d310a3522b0fd3c35667914271f570576a0e387701f370eb39d45f08a4"},
    {file = "Pillow-8.3.2-cp38-cp38-manylinux_2_17_x86_64.manylinux2014_x86_64.whl", hash = "sha256:0412516dcc9de9b0a1e0ae25a280015809de8270f134cc2c1e32c4eeb397cf30"},
    {file = "Pillow-8.3.2-cp38-cp38-win32.whl", hash = "sha256:ce2e5e04bb86da6187f96d7bab3f93a7877830981b37f0287dd6479e27a10341"},
    {file = "Pillow-8.3.2-cp38-cp38-win_amd64.whl", hash = "sha256:35d27687f027ad25a8d0ef45dd5208ef044c588003cdcedf05afb00dbc5c2deb"},
    {file = "Pillow-8.3.2-cp39-cp39-macosx_10_10_x86_64.whl", hash = "sha256:04835e68ef12904bc3e1fd002b33eea0779320d4346082bd5b24bec12ad9c3e9"},
    {file = "Pillow-8.3.2-cp39-cp39-macosx_11_0_arm64.whl", hash = "sha256:10e00f7336780ca7d3653cf3ac26f068fa11b5a96894ea29a64d3dc4b810d630"},
    {file = "Pillow-8.3.2-cp39-cp39-manylinux_2_17_aarch64.manylinux2014_aarch64.whl", hash = "sha256:2cde7a4d3687f21cffdf5bb171172070bb95e02af448c4c8b2f223d783214056"},
    {file = "Pillow-8.3.2-cp39-cp39-manylinux_2_17_i686.manylinux2014_i686.whl", hash = "sha256:1c3ff00110835bdda2b1e2b07f4a2548a39744bb7de5946dc8e95517c4fb2ca6"},
    {file = "Pillow-8.3.2-cp39-cp39-manylinux_2_17_x86_64.manylinux2014_x86_64.whl", hash = "sha256:35d409030bf3bd05fa66fb5fdedc39c521b397f61ad04309c90444e893d05f7d"},
    {file = "Pillow-8.3.2-cp39-cp39-win32.whl", hash = "sha256:963ebdc5365d748185fdb06daf2ac758116deecb2277ec5ae98139f93844bc09"},
    {file = "Pillow-8.3.2-cp39-cp39-win_amd64.whl", hash = "sha256:cc9d0dec711c914ed500f1d0d3822868760954dce98dfb0b7382a854aee55d19"},
    {file = "Pillow-8.3.2-pp36-pypy36_pp73-macosx_10_10_x86_64.whl", hash = "sha256:2c661542c6f71dfd9dc82d9d29a8386287e82813b0375b3a02983feac69ef864"},
    {file = "Pillow-8.3.2-pp36-pypy36_pp73-manylinux_2_17_i686.manylinux2014_i686.whl", hash = "sha256:838eb85de6d9307c19c655c726f8d13b8b646f144ca6b3771fa62b711ebf7624"},
    {file = "Pillow-8.3.2-pp36-pypy36_pp73-manylinux_2_17_x86_64.manylinux2014_x86_64.whl", hash = "sha256:feb5db446e96bfecfec078b943cc07744cc759893cef045aa8b8b6d6aaa8274e"},
    {file = "Pillow-8.3.2-pp37-pypy37_pp73-macosx_10_10_x86_64.whl", hash = "sha256:fc0db32f7223b094964e71729c0361f93db43664dd1ec86d3df217853cedda87"},
    {file = "Pillow-8.3.2-pp37-pypy37_pp73-manylinux_2_17_i686.manylinux2014_i686.whl", hash = "sha256:6cb3dd7f23b044b0737317f892d399f9e2f0b3a02b22b2c692851fb8120d82c6"},
    {file = "Pillow-8.3.2-pp37-pypy37_pp73-manylinux_2_17_x86_64.manylinux2014_x86_64.whl", hash = "sha256:a66566f8a22561fc1a88dc87606c69b84fa9ce724f99522cf922c801ec68f5c1"},
    {file = "Pillow-8.3.2-pp37-pypy37_pp73-win_amd64.whl", hash = "sha256:ce651ca46d0202c302a535d3047c55a0131a720cf554a578fc1b8a2aff0e7d96"},
    {file = "Pillow-8.3.2.tar.gz", hash = "sha256:dde3f3ed8d00c72631bc19cbfff8ad3b6215062a5eed402381ad365f82f0c18c"},
]
pluggy = [
    {file = "pluggy-0.13.1-py2.py3-none-any.whl", hash = "sha256:966c145cd83c96502c3c3868f50408687b38434af77734af1e9ca461a4081d2d"},
    {file = "pluggy-0.13.1.tar.gz", hash = "sha256:15b2acde666561e1298d71b523007ed7364de07029219b604cf808bfa1c765b0"},
]
py = [
    {file = "py-1.10.0-py2.py3-none-any.whl", hash = "sha256:3b80836aa6d1feeaa108e046da6423ab8f6ceda6468545ae8d02d9d58d18818a"},
    {file = "py-1.10.0.tar.gz", hash = "sha256:21b81bda15b66ef5e1a777a21c4dcd9c20ad3efd0b3f817e7a809035269e1bd3"},
]
pydicom = [
    {file = "pydicom-2.2.2-py3-none-any.whl", hash = "sha256:6ecb9c6d56a20b2104099b8ef8fe0f3664d797b08a0e0548fe0311b515b32308"},
    {file = "pydicom-2.2.2.tar.gz", hash = "sha256:f51078da1fe1285431a6f14a5ca0273520391ef28a68b32b9de73cc7f93f38be"},
]
pyparsing = [
    {file = "pyparsing-2.4.7-py2.py3-none-any.whl", hash = "sha256:ef9d7589ef3c200abe66653d3f1ab1033c3c419ae9b9bdb1240a85b024efc88b"},
    {file = "pyparsing-2.4.7.tar.gz", hash = "sha256:c203ec8783bf771a155b207279b9bccb8dea02d8f0c9e5f8ead507bc3246ecc1"},
]
pytest = [
    {file = "pytest-5.4.3-py3-none-any.whl", hash = "sha256:5c0db86b698e8f170ba4582a492248919255fcd4c79b1ee64ace34301fb589a1"},
    {file = "pytest-5.4.3.tar.gz", hash = "sha256:7979331bfcba207414f5e1263b5a0f8f521d0f457318836a7355531ed1a4c7d8"},
]
pytest-watch = [
    {file = "pytest-watch-4.2.0.tar.gz", hash = "sha256:06136f03d5b361718b8d0d234042f7b2f203910d8568f63df2f866b547b3d4b9"},
]
pyturbojpeg = [
    {file = "PyTurboJPEG-1.6.1.tar.gz", hash = "sha256:4625a40e80444cc62280075bc5d8f9c5be61b7d990e6ace27c4d689aa4d5665a"},
]
tifffile = [
    {file = "tifffile-2021.8.30-py3-none-any.whl", hash = "sha256:524f9f3a96ca91d12e5b5ddce80209d2b07769c1764ceecf505613668143f63c"},
    {file = "tifffile-2021.8.30.tar.gz", hash = "sha256:8760e61e30106ea0dab9ec42a238d70a3ff55dde9c54456e7b748fe717cb782d"},
]
typing-extensions = [
    {file = "typing_extensions-3.10.0.2-py2-none-any.whl", hash = "sha256:d8226d10bc02a29bcc81df19a26e56a9647f8b0a6d4a83924139f4a8b01f17b7"},
    {file = "typing_extensions-3.10.0.2-py3-none-any.whl", hash = "sha256:f1d25edafde516b146ecd0613dabcc61409817af4766fbbcfb8d1ad4ec441a34"},
    {file = "typing_extensions-3.10.0.2.tar.gz", hash = "sha256:49f75d16ff11f1cd258e1b988ccff82a3ca5570217d7ad8c5f48205dd99a677e"},
]
watchdog = [
    {file = "watchdog-2.1.6-cp310-cp310-macosx_10_9_universal2.whl", hash = "sha256:9693f35162dc6208d10b10ddf0458cc09ad70c30ba689d9206e02cd836ce28a3"},
    {file = "watchdog-2.1.6-cp310-cp310-macosx_10_9_x86_64.whl", hash = "sha256:aba5c812f8ee8a3ff3be51887ca2d55fb8e268439ed44110d3846e4229eb0e8b"},
    {file = "watchdog-2.1.6-cp310-cp310-macosx_11_0_arm64.whl", hash = "sha256:4ae38bf8ba6f39d5b83f78661273216e7db5b00f08be7592062cb1fc8b8ba542"},
    {file = "watchdog-2.1.6-cp36-cp36m-macosx_10_9_x86_64.whl", hash = "sha256:ad6f1796e37db2223d2a3f302f586f74c72c630b48a9872c1e7ae8e92e0ab669"},
    {file = "watchdog-2.1.6-cp37-cp37m-macosx_10_9_x86_64.whl", hash = "sha256:922a69fa533cb0c793b483becaaa0845f655151e7256ec73630a1b2e9ebcb660"},
    {file = "watchdog-2.1.6-cp38-cp38-macosx_10_9_universal2.whl", hash = "sha256:b2fcf9402fde2672545b139694284dc3b665fd1be660d73eca6805197ef776a3"},
    {file = "watchdog-2.1.6-cp38-cp38-macosx_10_9_x86_64.whl", hash = "sha256:3386b367e950a11b0568062b70cc026c6f645428a698d33d39e013aaeda4cc04"},
    {file = "watchdog-2.1.6-cp38-cp38-macosx_11_0_arm64.whl", hash = "sha256:8f1c00aa35f504197561060ca4c21d3cc079ba29cf6dd2fe61024c70160c990b"},
    {file = "watchdog-2.1.6-cp39-cp39-macosx_10_9_universal2.whl", hash = "sha256:b52b88021b9541a60531142b0a451baca08d28b74a723d0c99b13c8c8d48d604"},
    {file = "watchdog-2.1.6-cp39-cp39-macosx_10_9_x86_64.whl", hash = "sha256:8047da932432aa32c515ec1447ea79ce578d0559362ca3605f8e9568f844e3c6"},
    {file = "watchdog-2.1.6-cp39-cp39-macosx_11_0_arm64.whl", hash = "sha256:e92c2d33858c8f560671b448205a268096e17870dcf60a9bb3ac7bfbafb7f5f9"},
    {file = "watchdog-2.1.6-pp37-pypy37_pp73-macosx_10_9_x86_64.whl", hash = "sha256:b7d336912853d7b77f9b2c24eeed6a5065d0a0cc0d3b6a5a45ad6d1d05fb8cd8"},
    {file = "watchdog-2.1.6-py3-none-manylinux2014_aarch64.whl", hash = "sha256:cca7741c0fcc765568350cb139e92b7f9f3c9a08c4f32591d18ab0a6ac9e71b6"},
    {file = "watchdog-2.1.6-py3-none-manylinux2014_armv7l.whl", hash = "sha256:25fb5240b195d17de949588628fdf93032ebf163524ef08933db0ea1f99bd685"},
    {file = "watchdog-2.1.6-py3-none-manylinux2014_i686.whl", hash = "sha256:be9be735f827820a06340dff2ddea1fb7234561fa5e6300a62fe7f54d40546a0"},
    {file = "watchdog-2.1.6-py3-none-manylinux2014_ppc64.whl", hash = "sha256:d0d19fb2441947b58fbf91336638c2b9f4cc98e05e1045404d7a4cb7cddc7a65"},
    {file = "watchdog-2.1.6-py3-none-manylinux2014_ppc64le.whl", hash = "sha256:3becdb380d8916c873ad512f1701f8a92ce79ec6978ffde92919fd18d41da7fb"},
    {file = "watchdog-2.1.6-py3-none-manylinux2014_s390x.whl", hash = "sha256:ae67501c95606072aafa865b6ed47343ac6484472a2f95490ba151f6347acfc2"},
    {file = "watchdog-2.1.6-py3-none-manylinux2014_x86_64.whl", hash = "sha256:e0f30db709c939cabf64a6dc5babb276e6d823fd84464ab916f9b9ba5623ca15"},
    {file = "watchdog-2.1.6-py3-none-win32.whl", hash = "sha256:e02794ac791662a5eafc6ffeaf9bcc149035a0e48eb0a9d40a8feb4622605a3d"},
    {file = "watchdog-2.1.6-py3-none-win_amd64.whl", hash = "sha256:bd9ba4f332cf57b2c1f698be0728c020399ef3040577cde2939f2e045b39c1e5"},
    {file = "watchdog-2.1.6-py3-none-win_ia64.whl", hash = "sha256:a0f1c7edf116a12f7245be06120b1852275f9506a7d90227648b250755a03923"},
    {file = "watchdog-2.1.6.tar.gz", hash = "sha256:a36e75df6c767cbf46f61a91c70b3ba71811dfa0aca4a324d9407a06a8b7a2e7"},
]
wcwidth = [
    {file = "wcwidth-0.2.5-py2.py3-none-any.whl", hash = "sha256:beb4802a9cebb9144e99086eff703a642a13d6a0052920003a230f3294bbe784"},
    {file = "wcwidth-0.2.5.tar.gz", hash = "sha256:c4d647b99872929fdb7bdcaa4fbe7f01413ed3d98077df798530e5b04f116c83"},
]
wsidicom = []
zipp = [
    {file = "zipp-3.6.0-py3-none-any.whl", hash = "sha256:9fe5ea21568a0a70e50f273397638d39b03353731e6cbbb3fd8502a33fec40bc"},
    {file = "zipp-3.6.0.tar.gz", hash = "sha256:71c644c5369f4a6e07636f0aa966270449561fcea2e3d6747b8d23efaa9d7832"},
]
